# This file is automatically @generated by Wally.
# It is not intended for manual editing.
registry = "test"

[[package]]
name = "essentiallyblue/zoneplus"
version = "3.2.2"
dependencies = []

[[package]]
name = "evaera/cmdr"
version = "1.12.0"
dependencies = []

[[package]]
name = "evaera/promise"
version = "4.0.0"
dependencies = []

[[package]]
name = "ffrostflame/bytenet"
version = "0.4.6"
dependencies = []

[[package]]
name = "gnijor/brookhaven"
version = "0.1.0"
dependencies = [["ByteNet", "ffrostflame/bytenet@0.4.6"], ["Cmdr", "evaera/cmdr@1.12.0"], ["Janitor", "howmanysmall/janitor@1.18.3"], ["ProfileStore", "sekuriyo-lotus/profilestore@1.0.4"], ["Promise", "evaera/promise@4.0.0"], ["ZonePlus", "essentiallyblue/zoneplus@3.2.2"]]

[[package]]
name = "howmanysmall/janitor"
version = "1.18.3"
dependencies = [["Promise", "howmanysmall/typed-promise@4.0.6"]]

[[package]]
name = "howmanysmall/typed-promise"
version = "4.0.6"
dependencies = [["Promise", "evaera/promise@4.0.0"]]

[[package]]
name = "sekuriyo-lotus/profilestore"
version = "1.0.4"
dependencies = []
